
Microsoft Visual Studio Solution File, Format Version 12.00
# Visual Studio 14
VisualStudioVersion = 14.0.24720.0
MinimumVisualStudioVersion = 10.0.40219.1
Project("{FAE04EC0-301F-11D3-BF4B-00C04F79EFBC}") = "Lesson2", "Lesson2\Lesson2.csproj", "{93F2C125-1BC1-4DA7-8A8E-626A12AB64EE}"
EndProject
Project("{FAE04EC0-301F-11D3-BF4B-00C04F79EFBC}") = "Task2", "Task2\Task2.csproj", "{F9F72360-4291-45D7-B786-D1485C64F5DA}"
EndProject
Global
	GlobalSection(SolutionConfigurationPlatforms) = preSolution
		Debug|Any CPU = Debug|Any CPU
		Release|Any CPU = Release|Any CPU
	EndGlobalSection
	GlobalSection(ProjectConfigurationPlatforms) = postSolution
		{93F2C125-1BC1-4DA7-8A8E-626A12AB64EE}.Debug|Any CPU.ActiveCfg = Debug|Any CPU
		{93F2C125-1BC1-4DA7-8A8E-626A12AB64EE}.Debug|Any CPU.Build.0 = Debug|Any CPU
		{93F2C125-1BC1-4DA7-8A8E-626A12AB64EE}.Release|Any CPU.ActiveCfg = Release|Any CPU
		{93F2C125-1BC1-4DA7-8A8E-626A12AB64EE}.Release|Any CPU.Build.0 = Release|Any CPU
		{F9F72360-4291-45D7-B786-D1485C64F5DA}.Debug|Any CPU.ActiveCfg = Debug|Any CPU
		{F9F72360-4291-45D7-B786-D1485C64F5DA}.Debug|Any CPU.Build.0 = Debug|Any CPU
		{F9F72360-4291-45D7-B786-D1485C64F5DA}.Release|Any CPU.ActiveCfg = Release|Any CPU
		{F9F72360-4291-45D7-B786-D1485C64F5DA}.Release|Any CPU.Build.0 = Release|Any CPU
	EndGlobalSection
	GlobalSection(SolutionProperties) = preSolution
		HideSolutionNode = FALSE
	EndGlobalSection
EndGlobal
